
Microsoft Visual Studio Solution File, Format Version 12.00
# Visual Studio Version 17
VisualStudioVersion = 17.5.33516.290
MinimumVisualStudioVersion = 10.0.40219.1
Project("{FAE04EC0-301F-11D3-BF4B-00C04F79EFBC}") = "LINQ", "LINQ.csproj", "{90F88757-18EB-4B79-AB63-2323487C444D}"
EndProject
Global
	GlobalSection(SolutionConfigurationPlatforms) = preSolution
		Debug|Any CPU = Debug|Any CPU
		Release|Any CPU = Release|Any CPU
	EndGlobalSection
	GlobalSection(ProjectConfigurationPlatforms) = postSolution
		{90F88757-18EB-4B79-AB63-2323487C444D}.Debug|Any CPU.ActiveCfg = Debug|Any CPU
		{90F88757-18EB-4B79-AB63-2323487C444D}.Debug|Any CPU.Build.0 = Debug|Any CPU
		{90F88757-18EB-4B79-AB63-2323487C444D}.Release|Any CPU.ActiveCfg = Release|Any CPU
		{90F88757-18EB-4B79-AB63-2323487C444D}.Release|Any CPU.Build.0 = Release|Any CPU
	EndGlobalSection
	GlobalSection(SolutionProperties) = preSolution
		HideSolutionNode = FALSE
	EndGlobalSection
	GlobalSection(ExtensibilityGlobals) = postSolution
		SolutionGuid = {3D32FFF3-E333-42BC-BDFA-FDB7423EE3D9}
	EndGlobalSection
EndGlobal
