
Microsoft Visual Studio Solution File, Format Version 12.00
# Visual Studio Version 17
VisualStudioVersion = 17.5.33516.290
MinimumVisualStudioVersion = 10.0.40219.1
Project("{FAE04EC0-301F-11D3-BF4B-00C04F79EFBC}") = "Design Pattern", "Design Pattern.csproj", "{B6905C45-FD7B-47A2-8861-A54980351F3A}"
EndProject
Global
	GlobalSection(SolutionConfigurationPlatforms) = preSolution
		Debug|Any CPU = Debug|Any CPU
		Release|Any CPU = Release|Any CPU
	EndGlobalSection
	GlobalSection(ProjectConfigurationPlatforms) = postSolution
		{B6905C45-FD7B-47A2-8861-A54980351F3A}.Debug|Any CPU.ActiveCfg = Debug|Any CPU
		{B6905C45-FD7B-47A2-8861-A54980351F3A}.Debug|Any CPU.Build.0 = Debug|Any CPU
		{B6905C45-FD7B-47A2-8861-A54980351F3A}.Release|Any CPU.ActiveCfg = Release|Any CPU
		{B6905C45-FD7B-47A2-8861-A54980351F3A}.Release|Any CPU.Build.0 = Release|Any CPU
	EndGlobalSection
	GlobalSection(SolutionProperties) = preSolution
		HideSolutionNode = FALSE
	EndGlobalSection
	GlobalSection(ExtensibilityGlobals) = postSolution
		SolutionGuid = {0C376443-6C66-4122-B223-5A71760A361D}
	EndGlobalSection
EndGlobal
