
Microsoft Visual Studio Solution File, Format Version 12.00
# Visual Studio Version 17
VisualStudioVersion = 17.5.33516.290
MinimumVisualStudioVersion = 10.0.40219.1
Project("{FAE04EC0-301F-11D3-BF4B-00C04F79EFBC}") = "Reflection", "Reflection.csproj", "{1E7FEF6D-0DBF-4E09-8957-90248612E98E}"
EndProject
Project("{FAE04EC0-301F-11D3-BF4B-00C04F79EFBC}") = "Attribute", "..\Attribute\Attribute.csproj", "{97E956E5-BFF1-4649-9DE6-600303B5BFF4}"
EndProject
Global
	GlobalSection(SolutionConfigurationPlatforms) = preSolution
		Debug|Any CPU = Debug|Any CPU
		Release|Any CPU = Release|Any CPU
	EndGlobalSection
	GlobalSection(ProjectConfigurationPlatforms) = postSolution
		{1E7FEF6D-0DBF-4E09-8957-90248612E98E}.Debug|Any CPU.ActiveCfg = Debug|Any CPU
		{1E7FEF6D-0DBF-4E09-8957-90248612E98E}.Debug|Any CPU.Build.0 = Debug|Any CPU
		{1E7FEF6D-0DBF-4E09-8957-90248612E98E}.Release|Any CPU.ActiveCfg = Release|Any CPU
		{1E7FEF6D-0DBF-4E09-8957-90248612E98E}.Release|Any CPU.Build.0 = Release|Any CPU
		{97E956E5-BFF1-4649-9DE6-600303B5BFF4}.Debug|Any CPU.ActiveCfg = Debug|Any CPU
		{97E956E5-BFF1-4649-9DE6-600303B5BFF4}.Debug|Any CPU.Build.0 = Debug|Any CPU
		{97E956E5-BFF1-4649-9DE6-600303B5BFF4}.Release|Any CPU.ActiveCfg = Release|Any CPU
		{97E956E5-BFF1-4649-9DE6-600303B5BFF4}.Release|Any CPU.Build.0 = Release|Any CPU
	EndGlobalSection
	GlobalSection(SolutionProperties) = preSolution
		HideSolutionNode = FALSE
	EndGlobalSection
	GlobalSection(ExtensibilityGlobals) = postSolution
		SolutionGuid = {6B5D684B-F794-4FFB-880D-D215CBE4954A}
	EndGlobalSection
EndGlobal
