
Microsoft Visual Studio Solution File, Format Version 12.00
Project("{FAE04EC0-301F-11D3-BF4B-00C04F79EFBC}") = "Genericity", "Genericity\Genericity.csproj", "{9C9E907F-C290-46B0-800B-7D629A2576DC}"
EndProject
Project("{FAE04EC0-301F-11D3-BF4B-00C04F79EFBC}") = "Delegate", "Delegate\Delegate.csproj", "{B282819C-793C-46ED-9985-B303E0D24B61}"
EndProject
Project("{FAE04EC0-301F-11D3-BF4B-00C04F79EFBC}") = "Generic", "Generic\Generic.csproj", "{EF65799A-D685-4CA7-BDD8-66A3DA23AAE5}"
EndProject
Global
	GlobalSection(SolutionConfigurationPlatforms) = preSolution
		Debug|Any CPU = Debug|Any CPU
		Release|Any CPU = Release|Any CPU
	EndGlobalSection
	GlobalSection(ProjectConfigurationPlatforms) = postSolution
		{9C9E907F-C290-46B0-800B-7D629A2576DC}.Debug|Any CPU.ActiveCfg = Debug|Any CPU
		{9C9E907F-C290-46B0-800B-7D629A2576DC}.Debug|Any CPU.Build.0 = Debug|Any CPU
		{9C9E907F-C290-46B0-800B-7D629A2576DC}.Release|Any CPU.ActiveCfg = Release|Any CPU
		{9C9E907F-C290-46B0-800B-7D629A2576DC}.Release|Any CPU.Build.0 = Release|Any CPU
		{B282819C-793C-46ED-9985-B303E0D24B61}.Debug|Any CPU.ActiveCfg = Debug|Any CPU
		{B282819C-793C-46ED-9985-B303E0D24B61}.Debug|Any CPU.Build.0 = Debug|Any CPU
		{B282819C-793C-46ED-9985-B303E0D24B61}.Release|Any CPU.ActiveCfg = Release|Any CPU
		{B282819C-793C-46ED-9985-B303E0D24B61}.Release|Any CPU.Build.0 = Release|Any CPU
		{EF65799A-D685-4CA7-BDD8-66A3DA23AAE5}.Debug|Any CPU.ActiveCfg = Debug|Any CPU
		{EF65799A-D685-4CA7-BDD8-66A3DA23AAE5}.Debug|Any CPU.Build.0 = Debug|Any CPU
		{EF65799A-D685-4CA7-BDD8-66A3DA23AAE5}.Release|Any CPU.ActiveCfg = Release|Any CPU
		{EF65799A-D685-4CA7-BDD8-66A3DA23AAE5}.Release|Any CPU.Build.0 = Release|Any CPU
	EndGlobalSection
EndGlobal
